
Microsoft Visual Studio Solution File, Format Version 12.00
# Visual Studio Version 17
VisualStudioVersion = 17.11.35219.272
MinimumVisualStudioVersion = 10.0.40219.1
Project("{FAE04EC0-301F-11D3-BF4B-00C04F79EFBC}") = "Clases_pkm", "Clases_pkm\Clases_pkm.csproj", "{5992A429-0245-4507-B877-5EDE37C94414}"
EndProject
Global
	GlobalSection(SolutionConfigurationPlatforms) = preSolution
		Debug|Any CPU = Debug|Any CPU
		Release|Any CPU = Release|Any CPU
	EndGlobalSection
	GlobalSection(ProjectConfigurationPlatforms) = postSolution
		{5992A429-0245-4507-B877-5EDE37C94414}.Debug|Any CPU.ActiveCfg = Debug|Any CPU
		{5992A429-0245-4507-B877-5EDE37C94414}.Debug|Any CPU.Build.0 = Debug|Any CPU
		{5992A429-0245-4507-B877-5EDE37C94414}.Release|Any CPU.ActiveCfg = Release|Any CPU
		{5992A429-0245-4507-B877-5EDE37C94414}.Release|Any CPU.Build.0 = Release|Any CPU
	EndGlobalSection
	GlobalSection(SolutionProperties) = preSolution
		HideSolutionNode = FALSE
	EndGlobalSection
	GlobalSection(ExtensibilityGlobals) = postSolution
		SolutionGuid = {F417CE61-BF3F-4AF4-88EC-E7A680678808}
	EndGlobalSection
EndGlobal
